<?xml version="1.0" encoding="utf-8"?>
<Project ToolsVersion="4.0" xmlns="http://schemas.microsoft.com/developer/msbuild/2003">
  <ItemGroup>
    <Filter Include="Source Files">
      <UniqueIdentifier>{4FC737F1-C7A5-4376-A066-2A32D752A2FF}</UniqueIdentifier>
      <Extensions>cpp;c;cc;cxx;def;odl;idl;hpj;bat;asm;asmx</Extensions>
    </Filter>
    <Filter Include="Header Files">
      <UniqueIdentifier>{93995380-89BD-4b04-88EB-625FBE52EBFB}</UniqueIdentifier>
      <Extensions>h;hpp;hxx;hm;inl;inc;xsd</Extensions>
    </Filter>
    <Filter Include="Resource">
      <UniqueIdentifier>{c23cf389-931b-40c5-8c5c-d5978cc854c1}</UniqueIdentifier>
    </Filter>
  </ItemGroup>
  <ItemGroup>
    <ClCompile Include="..\..\cpl\cplgetsymbol.cpp">
      <Filter>Source Files</Filter>
    </ClCompile>
    <ClCompile Include="..\..\ogr\gml2ogrgeometry.cpp">
      <Filter>Source Files</Filter>
    </ClCompile>
    <ClCompile Include="..\..\cpl\cpl_vsisimple.cpp">
      <Filter>Source Files</Filter>
    </ClCompile>
    <ClCompile Include="..\..\mitab\mitab_bounds.cpp">
      <Filter>Source Files</Filter>
    </ClCompile>
    <ClCompile Include="..\..\mitab\mitab_capi.cpp">
      <Filter>Source Files</Filter>
    </ClCompile>
    <ClCompile Include="..\..\mitab\mitab_coordsys.cpp">
      <Filter>Source Files</Filter>
    </ClCompile>
    <ClCompile Include="..\..\mitab\mitab_datfile.cpp">
      <Filter>Source Files</Filter>
    </ClCompile>
    <ClCompile Include="..\..\mitab\mitab_feature.cpp">
      <Filter>Source Files</Filter>
    </ClCompile>
    <ClCompile Include="..\..\mitab\mitab_feature_mif.cpp">
      <Filter>Source Files</Filter>
    </ClCompile>
    <ClCompile Include="..\..\mitab\mitab_geometry.cpp">
      <Filter>Source Files</Filter>
    </ClCompile>
    <ClCompile Include="..\..\mitab\mitab_idfile.cpp">
      <Filter>Source Files</Filter>
    </ClCompile>
    <ClCompile Include="..\..\mitab\mitab_imapinfofile.cpp">
      <Filter>Source Files</Filter>
    </ClCompile>
    <ClCompile Include="..\..\mitab\mitab_indfile.cpp">
      <Filter>Source Files</Filter>
    </ClCompile>
    <ClCompile Include="..\..\mitab\mitab_mapcoordblock.cpp">
      <Filter>Source Files</Filter>
    </ClCompile>
    <ClCompile Include="..\..\mitab\mitab_mapfile.cpp">
      <Filter>Source Files</Filter>
    </ClCompile>
    <ClCompile Include="..\..\mitab\mitab_mapheaderblock.cpp">
      <Filter>Source Files</Filter>
    </ClCompile>
    <ClCompile Include="..\..\mitab\mitab_mapindexblock.cpp">
      <Filter>Source Files</Filter>
    </ClCompile>
    <ClCompile Include="..\..\mitab\mitab_mapobjectblock.cpp">
      <Filter>Source Files</Filter>
    </ClCompile>
    <ClCompile Include="..\..\mitab\mitab_maptoolblock.cpp">
      <Filter>Source Files</Filter>
    </ClCompile>
    <ClCompile Include="..\..\mitab\mitab_middatafile.cpp">
      <Filter>Source Files</Filter>
    </ClCompile>
    <ClCompile Include="..\..\mitab\mitab_miffile.cpp">
      <Filter>Source Files</Filter>
    </ClCompile>
    <ClCompile Include="..\..\mitab\mitab_ogr_datasource.cpp">
      <Filter>Source Files</Filter>
    </ClCompile>
    <ClCompile Include="..\..\mitab\mitab_ogr_driver.cpp">
      <Filter>Source Files</Filter>
    </ClCompile>
    <ClCompile Include="..\..\mitab\mitab_rawbinblock.cpp">
      <Filter>Source Files</Filter>
    </ClCompile>
    <ClCompile Include="..\..\mitab\mitab_spatialref.cpp">
      <Filter>Source Files</Filter>
    </ClCompile>
    <ClCompile Include="..\..\mitab\mitab_tabfile.cpp">
      <Filter>Source Files</Filter>
    </ClCompile>
    <ClCompile Include="..\..\mitab\mitab_tabseamless.cpp">
      <Filter>Source Files</Filter>
    </ClCompile>
    <ClCompile Include="..\..\mitab\mitab_tabview.cpp">
      <Filter>Source Files</Filter>
    </ClCompile>
    <ClCompile Include="..\..\mitab\mitab_tooldef.cpp">
      <Filter>Source Files</Filter>
    </ClCompile>
    <ClCompile Include="..\..\mitab\mitab_utils.cpp">
      <Filter>Source Files</Filter>
    </ClCompile>
    <ClCompile Include="..\..\cpl\cpl_vsil_win32.cpp">
      <Filter>Source Files</Filter>
    </ClCompile>
    <ClCompile Include="..\..\cpl\cpl_string.cpp">
      <Filter>Source Files</Filter>
    </ClCompile>
    <ClCompile Include="..\..\cpl\cpl_path.cpp">
      <Filter>Source Files</Filter>
    </ClCompile>
    <ClCompile Include="..\..\cpl\cpl_minixml.cpp">
      <Filter>Source Files</Filter>
    </ClCompile>
    <ClCompile Include="..\..\cpl\cpl_findfile.cpp">
      <Filter>Source Files</Filter>
    </ClCompile>
    <ClCompile Include="..\..\cpl\cpl_error.cpp">
      <Filter>Source Files</Filter>
    </ClCompile>
    <ClCompile Include="..\..\ogr\swq.c">
      <Filter>Source Files</Filter>
    </ClCompile>
    <ClCompile Include="..\..\cpl\cpl_dir.cpp">
      <Filter>Source Files</Filter>
    </ClCompile>
    <ClCompile Include="..\..\cpl\cpl_csv.cpp">
      <Filter>Source Files</Filter>
    </ClCompile>
    <ClCompile Include="..\..\cpl\cpl_conv.cpp">
      <Filter>Source Files</Filter>
    </ClCompile>
    <ClCompile Include="..\..\ogr\ogrutils.cpp">
      <Filter>Source Files</Filter>
    </ClCompile>
    <ClCompile Include="..\..\ogr\ogrsurface.cpp">
      <Filter>Source Files</Filter>
    </ClCompile>
    <ClCompile Include="..\..\ogr\ogrspatialreference.cpp">
      <Filter>Source Files</Filter>
    </ClCompile>
    <ClCompile Include="..\..\ogr\ogrsfdriverregistrar.cpp">
      <Filter>Source Files</Filter>
    </ClCompile>
    <ClCompile Include="..\..\ogr\ogrsfdriver.cpp">
      <Filter>Source Files</Filter>
    </ClCompile>
    <ClCompile Include="..\..\ogr\ogrpolygon.cpp">
      <Filter>Source Files</Filter>
    </ClCompile>
    <ClCompile Include="..\..\ogr\ogrpoint.cpp">
      <Filter>Source Files</Filter>
    </ClCompile>
    <ClCompile Include="..\..\ogr\ogrmultipolygon.cpp">
      <Filter>Source Files</Filter>
    </ClCompile>
    <ClCompile Include="..\..\ogr\ogrmultipoint.cpp">
      <Filter>Source Files</Filter>
    </ClCompile>
    <ClCompile Include="..\..\ogr\ogrmultilinestring.cpp">
      <Filter>Source Files</Filter>
    </ClCompile>
    <ClCompile Include="..\..\ogr\ogrlinestring.cpp">
      <Filter>Source Files</Filter>
    </ClCompile>
    <ClCompile Include="..\..\ogr\ogrlinearring.cpp">
      <Filter>Source Files</Filter>
    </ClCompile>
    <ClCompile Include="..\..\ogr\ogrlayer.cpp">
      <Filter>Source Files</Filter>
    </ClCompile>
    <ClCompile Include="..\..\ogr\ogrgeometryfactory.cpp">
      <Filter>Source Files</Filter>
    </ClCompile>
    <ClCompile Include="..\..\ogr\ogrgeometrycollection.cpp">
      <Filter>Source Files</Filter>
    </ClCompile>
    <ClCompile Include="..\..\ogr\ogrgeometry.cpp">
      <Filter>Source Files</Filter>
    </ClCompile>
    <ClCompile Include="..\..\ogr\ogrfielddefn.cpp">
      <Filter>Source Files</Filter>
    </ClCompile>
    <ClCompile Include="..\..\ogr\ogrfeaturestyle.cpp">
      <Filter>Source Files</Filter>
    </ClCompile>
    <ClCompile Include="..\..\ogr\ogrfeaturequery.cpp">
      <Filter>Source Files</Filter>
    </ClCompile>
    <ClCompile Include="..\..\ogr\ogrfeaturedefn.cpp">
      <Filter>Source Files</Filter>
    </ClCompile>
    <ClCompile Include="..\..\ogr\ogrfeature.cpp">
      <Filter>Source Files</Filter>
    </ClCompile>
    <ClCompile Include="..\..\ogr\ogrdatasource.cpp">
      <Filter>Source Files</Filter>
    </ClCompile>
    <ClCompile Include="..\..\ogr\ogrcurve.cpp">
      <Filter>Source Files</Filter>
    </ClCompile>
    <ClCompile Include="..\..\ogr\ogrct.cpp">
      <Filter>Source Files</Filter>
    </ClCompile>
    <ClCompile Include="..\..\ogr\ogr2gmlgeometry.cpp">
      <Filter>Source Files</Filter>
    </ClCompile>
    <ClCompile Include="..\..\ogr\ogr_srsnode.cpp">
      <Filter>Source Files</Filter>
    </ClCompile>
    <ClCompile Include="..\..\ogr\ogr_srs_xml.cpp">
      <Filter>Source Files</Filter>
    </ClCompile>
    <ClCompile Include="..\..\ogr\ogr_srs_proj4.cpp">
      <Filter>Source Files</Filter>
    </ClCompile>
    <ClCompile Include="..\..\ogr\ogr_srs_esri.cpp">
      <Filter>Source Files</Filter>
    </ClCompile>
    <ClCompile Include="..\..\ogr\ogr_srs_dict.cpp">
      <Filter>Source Files</Filter>
    </ClCompile>
    <ClCompile Include="..\..\ogr\ogr_miattrind.cpp">
      <Filter>Source Files</Filter>
    </ClCompile>
    <ClCompile Include="..\..\ogr\ogr_gensql.cpp">
      <Filter>Source Files</Filter>
    </ClCompile>
    <ClCompile Include="..\..\ogr\ogr_fromepsg.cpp">
      <Filter>Source Files</Filter>
    </ClCompile>
    <ClCompile Include="..\..\ogr\ogr_attrind.cpp">
      <Filter>Source Files</Filter>
    </ClCompile>
    <ClCompile Include="..\..\ogr\ogr_api.cpp">
      <Filter>Source Files</Filter>
    </ClCompile>
    <ClCompile Include="..\..\cpl\cplstring.cpp">
      <Filter>Source Files</Filter>
    </ClCompile>
    <ClCompile Include="..\..\cpl\cpl_vsil_unix_stdio_64.cpp">
      <Filter>Source Files</Filter>
    </ClCompile>
    <ClCompile Include="..\..\cpl\cpl_vsil.cpp">
      <Filter>Source Files</Filter>
    </ClCompile>
    <ClCompile Include="..\..\cpl\cpl_vsi_mem.cpp">
      <Filter>Source Files</Filter>
    </ClCompile>
    <ClCompile Include="..\..\cpl\cpl_multiproc.cpp">
      <Filter>Source Files</Filter>
    </ClCompile>
    <ClCompile Include="..\..\cpl\cpl_getexecpath.cpp">
      <Filter>Source Files</Filter>
    </ClCompile>
  </ItemGroup>
  <ItemGroup>
    <None Include="..\mitab.def">
      <Filter>Source Files</Filter>
    </None>
  </ItemGroup>
  <ItemGroup>
    <ClInclude Include="cpl\cpl_conv.h">
      <Filter>Header Files</Filter>
    </ClInclude>
    <ClInclude Include="cpl\cpl_csv.h">
      <Filter>Header Files</Filter>
    </ClInclude>
    <ClInclude Include="cpl\cpl_error.h">
      <Filter>Header Files</Filter>
    </ClInclude>
    <ClInclude Include="cpl\cpl_minixml.h">
      <Filter>Header Files</Filter>
    </ClInclude>
    <ClInclude Include="cpl\cpl_port.h">
      <Filter>Header Files</Filter>
    </ClInclude>
    <ClInclude Include="cpl\cpl_string.h">
      <Filter>Header Files</Filter>
    </ClInclude>
    <ClInclude Include="cpl\cpl_vsi.h">
      <Filter>Header Files</Filter>
    </ClInclude>
    <ClInclude Include="mitab\mitab_capi.h">
      <Filter>Header Files</Filter>
    </ClInclude>
    <ClInclude Include="mitab\mitab_geometry.h">
      <Filter>Header Files</Filter>
    </ClInclude>
    <ClInclude Include="mitab\mitab_ogr_driver.h">
      <Filter>Header Files</Filter>
    </ClInclude>
    <ClInclude Include="mitab\mitab_priv.h">
      <Filter>Header Files</Filter>
    </ClInclude>
    <ClInclude Include="mitab\mitab_utils.h">
      <Filter>Header Files</Filter>
    </ClInclude>
    <ClInclude Include="ogr\ogr_api.h">
      <Filter>Header Files</Filter>
    </ClInclude>
    <ClInclude Include="ogr\ogr_attrind.h">
      <Filter>Header Files</Filter>
    </ClInclude>
    <ClInclude Include="ogr\ogr_core.h">
      <Filter>Header Files</Filter>
    </ClInclude>
    <ClInclude Include="ogr\ogr_feature.h">
      <Filter>Header Files</Filter>
    </ClInclude>
    <ClInclude Include="ogr\ogr_featurestyle.h">
      <Filter>Header Files</Filter>
    </ClInclude>
    <ClInclude Include="ogr\ogr_gensql.h">
      <Filter>Header Files</Filter>
    </ClInclude>
    <ClInclude Include="ogr\ogr_geometry.h">
      <Filter>Header Files</Filter>
    </ClInclude>
    <ClInclude Include="ogr\ogr_geos.h">
      <Filter>Header Files</Filter>
    </ClInclude>
    <ClInclude Include="ogr\ogr_p.h">
      <Filter>Header Files</Filter>
    </ClInclude>
    <ClInclude Include="ogr\ogr_spatialref.h">
      <Filter>Header Files</Filter>
    </ClInclude>
    <ClInclude Include="ogr\ogr_srs_api.h">
      <Filter>Header Files</Filter>
    </ClInclude>
    <ClInclude Include="ogr\ogrsf_frmts.h">
      <Filter>Header Files</Filter>
    </ClInclude>
    <ClInclude Include="Resource.h">
      <Filter>Header Files</Filter>
    </ClInclude>
    <ClInclude Include="ogr\swq.h">
      <Filter>Header Files</Filter>
    </ClInclude>
    <ClInclude Include="..\..\cpl\cpl_config.h">
      <Filter>Header Files</Filter>
    </ClInclude>
    <ClInclude Include="resource1.h">
      <Filter>Header Files</Filter>
    </ClInclude>
    <ClInclude Include="resource.h">
      <Filter>Resource</Filter>
    </ClInclude>
    <ClInclude Include="..\..\mitab\mitab.h">
      <Filter>Header Files</Filter>
    </ClInclude>
  </ItemGroup>
  <ItemGroup>
    <ResourceCompile Include="MitabResource.rc">
      <Filter>Resource</Filter>
    </ResourceCompile>
  </ItemGroup>
</Project>